
Microsoft Visual Studio Solution File, Format Version 12.00
# Visual Studio Version 16
VisualStudioVersion = 16.0.29728.190
MinimumVisualStudioVersion = 10.0.40219.1
Project("{FAE04EC0-301F-11D3-BF4B-00C04F79EFBC}") = "SoundBoard", "SoundBoard\SoundBoard.csproj", "{86190D7F-25E8-47B5-B615-233FEEBF199A}"
EndProject
Global
	GlobalSection(SolutionConfigurationPlatforms) = preSolution
		Debug|Any CPU = Debug|Any CPU
		Release|Any CPU = Release|Any CPU
	EndGlobalSection
	GlobalSection(ProjectConfigurationPlatforms) = postSolution
		{86190D7F-25E8-47B5-B615-233FEEBF199A}.Debug|Any CPU.ActiveCfg = Debug|Any CPU
		{86190D7F-25E8-47B5-B615-233FEEBF199A}.Debug|Any CPU.Build.0 = Debug|Any CPU
		{86190D7F-25E8-47B5-B615-233FEEBF199A}.Release|Any CPU.ActiveCfg = Release|Any CPU
		{86190D7F-25E8-47B5-B615-233FEEBF199A}.Release|Any CPU.Build.0 = Release|Any CPU
	EndGlobalSection
	GlobalSection(SolutionProperties) = preSolution
		HideSolutionNode = FALSE
	EndGlobalSection
	GlobalSection(ExtensibilityGlobals) = postSolution
		SolutionGuid = {D5C5D886-816A-4E00-8C51-D98E3F9177E8}
	EndGlobalSection
EndGlobal
